
Microsoft Visual Studio Solution File, Format Version 12.00
# Visual Studio 2012
Project("{FAE04EC0-301F-11D3-BF4B-00C04F79EFBC}") = "00.EntityFramework.Data", "00.EntityFramework.Data\00.EntityFramework.Data.csproj", "{51BFA4F6-3F20-4B38-B406-6A902F0783C5}"
EndProject
Project("{FAE04EC0-301F-11D3-BF4B-00C04F79EFBC}") = "02.Test-DAO-Class", "02.TestDAOClass\02.Test-DAO-Class.csproj", "{47291C7E-F297-4F3B-A811-065E5D8A124A}"
EndProject
Project("{FAE04EC0-301F-11D3-BF4B-00C04F79EFBC}") = "03.Customers-with-specific-orders", "03.Customers-with-specific-orders\03.Customers-with-specific-orders.csproj", "{BB93E6DF-8AD9-43F8-B376-15173DE29FC3}"
EndProject
Project("{FAE04EC0-301F-11D3-BF4B-00C04F79EFBC}") = "04.Customers-with-specific-order-SQLQuery", "04.Customers-with-specific-order-SQLQuery\04.Customers-with-specific-order-SQLQuery.csproj", "{AFBFE16B-7000-460D-B474-0B2BFD90326F}"
EndProject
Project("{FAE04EC0-301F-11D3-BF4B-00C04F79EFBC}") = "05.Find-sales-by-specified-region-and-period", "05.Find-sales-by-specified-region-and-period\05.Find-sales-by-specified-region-and-period.csproj", "{196BEEEF-C3EA-4CC3-9563-0799666E88FC}"
EndProject
Project("{FAE04EC0-301F-11D3-BF4B-00C04F79EFBC}") = "01.Northwind.Lib", "01.Northwind.Lib\01.Northwind.Lib.csproj", "{F1F874C6-347B-460F-9996-046905DC5E93}"
EndProject
Global
	GlobalSection(SolutionConfigurationPlatforms) = preSolution
		Debug|Any CPU = Debug|Any CPU
		Release|Any CPU = Release|Any CPU
	EndGlobalSection
	GlobalSection(ProjectConfigurationPlatforms) = postSolution
		{51BFA4F6-3F20-4B38-B406-6A902F0783C5}.Debug|Any CPU.ActiveCfg = Debug|Any CPU
		{51BFA4F6-3F20-4B38-B406-6A902F0783C5}.Debug|Any CPU.Build.0 = Debug|Any CPU
		{51BFA4F6-3F20-4B38-B406-6A902F0783C5}.Release|Any CPU.ActiveCfg = Release|Any CPU
		{51BFA4F6-3F20-4B38-B406-6A902F0783C5}.Release|Any CPU.Build.0 = Release|Any CPU
		{47291C7E-F297-4F3B-A811-065E5D8A124A}.Debug|Any CPU.ActiveCfg = Debug|Any CPU
		{47291C7E-F297-4F3B-A811-065E5D8A124A}.Debug|Any CPU.Build.0 = Debug|Any CPU
		{47291C7E-F297-4F3B-A811-065E5D8A124A}.Release|Any CPU.ActiveCfg = Release|Any CPU
		{47291C7E-F297-4F3B-A811-065E5D8A124A}.Release|Any CPU.Build.0 = Release|Any CPU
		{BB93E6DF-8AD9-43F8-B376-15173DE29FC3}.Debug|Any CPU.ActiveCfg = Debug|Any CPU
		{BB93E6DF-8AD9-43F8-B376-15173DE29FC3}.Debug|Any CPU.Build.0 = Debug|Any CPU
		{BB93E6DF-8AD9-43F8-B376-15173DE29FC3}.Release|Any CPU.ActiveCfg = Release|Any CPU
		{BB93E6DF-8AD9-43F8-B376-15173DE29FC3}.Release|Any CPU.Build.0 = Release|Any CPU
		{AFBFE16B-7000-460D-B474-0B2BFD90326F}.Debug|Any CPU.ActiveCfg = Debug|Any CPU
		{AFBFE16B-7000-460D-B474-0B2BFD90326F}.Debug|Any CPU.Build.0 = Debug|Any CPU
		{AFBFE16B-7000-460D-B474-0B2BFD90326F}.Release|Any CPU.ActiveCfg = Release|Any CPU
		{AFBFE16B-7000-460D-B474-0B2BFD90326F}.Release|Any CPU.Build.0 = Release|Any CPU
		{196BEEEF-C3EA-4CC3-9563-0799666E88FC}.Debug|Any CPU.ActiveCfg = Debug|Any CPU
		{196BEEEF-C3EA-4CC3-9563-0799666E88FC}.Debug|Any CPU.Build.0 = Debug|Any CPU
		{196BEEEF-C3EA-4CC3-9563-0799666E88FC}.Release|Any CPU.ActiveCfg = Release|Any CPU
		{196BEEEF-C3EA-4CC3-9563-0799666E88FC}.Release|Any CPU.Build.0 = Release|Any CPU
		{F1F874C6-347B-460F-9996-046905DC5E93}.Debug|Any CPU.ActiveCfg = Debug|Any CPU
		{F1F874C6-347B-460F-9996-046905DC5E93}.Debug|Any CPU.Build.0 = Debug|Any CPU
		{F1F874C6-347B-460F-9996-046905DC5E93}.Release|Any CPU.ActiveCfg = Release|Any CPU
		{F1F874C6-347B-460F-9996-046905DC5E93}.Release|Any CPU.Build.0 = Release|Any CPU
	EndGlobalSection
	GlobalSection(SolutionProperties) = preSolution
		HideSolutionNode = FALSE
	EndGlobalSection
EndGlobal
