
Microsoft Visual Studio Solution File, Format Version 12.00
# Visual Studio 2012
Project("{FAE04EC0-301F-11D3-BF4B-00C04F79EFBC}") = "00.EntityFramework.Data", "00.EntityFramework.Data\00.EntityFramework.Data.csproj", "{51BFA4F6-3F20-4B38-B406-6A902F0783C5}"
EndProject
Project("{FAE04EC0-301F-11D3-BF4B-00C04F79EFBC}") = "02.Test-DAO-Class", "02.TestDAOClass\02.Test-DAO-Class.csproj", "{47291C7E-F297-4F3B-A811-065E5D8A124A}"
EndProject
Project("{FAE04EC0-301F-11D3-BF4B-00C04F79EFBC}") = "03.Customers-with-specific-orders", "03.Customers-with-specific-orders\03.Customers-with-specific-orders.csproj", "{BB93E6DF-8AD9-43F8-B376-15173DE29FC3}"
EndProject
Project("{FAE04EC0-301F-11D3-BF4B-00C04F79EFBC}") = "04.Customers-with-specific-order-SQLQuery", "04.Customers-with-specific-order-SQLQuery\04.Customers-with-specific-order-SQLQuery.csproj", "{AFBFE16B-7000-460D-B474-0B2BFD90326F}"
EndProject
Project("{FAE04EC0-301F-11D3-BF4B-00C04F79EFBC}") = "05.Find-sales-by-specified-region-and-period", "05.Find-sales-by-specified-region-and-period\05.Find-sales-by-specified-region-and-period.csproj", "{196BEEEF-C3EA-4CC3-9563-0799666E88FC}"
EndProject
Project("{FAE04EC0-301F-11D3-BF4B-00C04F79EFBC}") = "01.Northwind.Lib", "01.Northwind.Lib\01.Northwind.Lib.csproj", "{F1F874C6-347B-460F-9996-046905DC5E93}"
EndProject
Project("{FAE04EC0-301F-11D3-BF4B-00C04F79EFBC}") = "06.Generate-twin-schema", "06.Generate-twin-schema\06.Generate-twin-schema.csproj", "{022A40D6-BE8A-43DE-B721-767BBABC2FFC}"
EndProject
Project("{FAE04EC0-301F-11D3-BF4B-00C04F79EFBC}") = "08.Inherit-Employee", "08.InheritEmployee\08.Inherit-Employee.csproj", "{EA7150C2-FDDE-4519-A1F5-8495531C585D}"
EndProject
Project("{FAE04EC0-301F-11D3-BF4B-00C04F79EFBC}") = "09.Add-New-Order", "09.AddNewOrder\09.Add-New-Order.csproj", "{602FDEB0-C5FE-4FBD-9D3D-4A6531ABE47D}"
EndProject
Project("{FAE04EC0-301F-11D3-BF4B-00C04F79EFBC}") = "10.Exec-Stored-Procedure", "10.ExecStoredProcedure\10.Exec-Stored-Procedure.csproj", "{6390BC8D-6794-4F01-8A2C-BBE335C8AC63}"
EndProject
Project("{FAE04EC0-301F-11D3-BF4B-00C04F79EFBC}") = "11.Groups.Data", "11.Groups.Data\11.Groups.Data.csproj", "{24B5C6BA-9B92-4355-89C9-BFA0A5BA9D11}"
EndProject
Project("{FAE04EC0-301F-11D3-BF4B-00C04F79EFBC}") = "11.Groups", "11.Groups\11.Groups.csproj", "{48F975E0-F65E-420C-99F8-D1F1DCF69B6B}"
EndProject
Project("{FAE04EC0-301F-11D3-BF4B-00C04F79EFBC}") = "07.Two-Contexts-Problem-Fix", "07.Two-Contexts-Problem-Fix\07.Two-Contexts-Problem-Fix.csproj", "{6D3984E2-9518-4489-BDC4-E8FD47A424B2}"
EndProject
Global
	GlobalSection(SolutionConfigurationPlatforms) = preSolution
		Debug|Any CPU = Debug|Any CPU
		Release|Any CPU = Release|Any CPU
	EndGlobalSection
	GlobalSection(ProjectConfigurationPlatforms) = postSolution
		{51BFA4F6-3F20-4B38-B406-6A902F0783C5}.Debug|Any CPU.ActiveCfg = Debug|Any CPU
		{51BFA4F6-3F20-4B38-B406-6A902F0783C5}.Debug|Any CPU.Build.0 = Debug|Any CPU
		{51BFA4F6-3F20-4B38-B406-6A902F0783C5}.Release|Any CPU.ActiveCfg = Release|Any CPU
		{51BFA4F6-3F20-4B38-B406-6A902F0783C5}.Release|Any CPU.Build.0 = Release|Any CPU
		{47291C7E-F297-4F3B-A811-065E5D8A124A}.Debug|Any CPU.ActiveCfg = Debug|Any CPU
		{47291C7E-F297-4F3B-A811-065E5D8A124A}.Debug|Any CPU.Build.0 = Debug|Any CPU
		{47291C7E-F297-4F3B-A811-065E5D8A124A}.Release|Any CPU.ActiveCfg = Release|Any CPU
		{47291C7E-F297-4F3B-A811-065E5D8A124A}.Release|Any CPU.Build.0 = Release|Any CPU
		{BB93E6DF-8AD9-43F8-B376-15173DE29FC3}.Debug|Any CPU.ActiveCfg = Debug|Any CPU
		{BB93E6DF-8AD9-43F8-B376-15173DE29FC3}.Debug|Any CPU.Build.0 = Debug|Any CPU
		{BB93E6DF-8AD9-43F8-B376-15173DE29FC3}.Release|Any CPU.ActiveCfg = Release|Any CPU
		{BB93E6DF-8AD9-43F8-B376-15173DE29FC3}.Release|Any CPU.Build.0 = Release|Any CPU
		{AFBFE16B-7000-460D-B474-0B2BFD90326F}.Debug|Any CPU.ActiveCfg = Debug|Any CPU
		{AFBFE16B-7000-460D-B474-0B2BFD90326F}.Debug|Any CPU.Build.0 = Debug|Any CPU
		{AFBFE16B-7000-460D-B474-0B2BFD90326F}.Release|Any CPU.ActiveCfg = Release|Any CPU
		{AFBFE16B-7000-460D-B474-0B2BFD90326F}.Release|Any CPU.Build.0 = Release|Any CPU
		{196BEEEF-C3EA-4CC3-9563-0799666E88FC}.Debug|Any CPU.ActiveCfg = Debug|Any CPU
		{196BEEEF-C3EA-4CC3-9563-0799666E88FC}.Debug|Any CPU.Build.0 = Debug|Any CPU
		{196BEEEF-C3EA-4CC3-9563-0799666E88FC}.Release|Any CPU.ActiveCfg = Release|Any CPU
		{196BEEEF-C3EA-4CC3-9563-0799666E88FC}.Release|Any CPU.Build.0 = Release|Any CPU
		{F1F874C6-347B-460F-9996-046905DC5E93}.Debug|Any CPU.ActiveCfg = Debug|Any CPU
		{F1F874C6-347B-460F-9996-046905DC5E93}.Debug|Any CPU.Build.0 = Debug|Any CPU
		{F1F874C6-347B-460F-9996-046905DC5E93}.Release|Any CPU.ActiveCfg = Release|Any CPU
		{F1F874C6-347B-460F-9996-046905DC5E93}.Release|Any CPU.Build.0 = Release|Any CPU
		{022A40D6-BE8A-43DE-B721-767BBABC2FFC}.Debug|Any CPU.ActiveCfg = Debug|Any CPU
		{022A40D6-BE8A-43DE-B721-767BBABC2FFC}.Debug|Any CPU.Build.0 = Debug|Any CPU
		{022A40D6-BE8A-43DE-B721-767BBABC2FFC}.Release|Any CPU.ActiveCfg = Release|Any CPU
		{022A40D6-BE8A-43DE-B721-767BBABC2FFC}.Release|Any CPU.Build.0 = Release|Any CPU
		{EA7150C2-FDDE-4519-A1F5-8495531C585D}.Debug|Any CPU.ActiveCfg = Debug|Any CPU
		{EA7150C2-FDDE-4519-A1F5-8495531C585D}.Debug|Any CPU.Build.0 = Debug|Any CPU
		{EA7150C2-FDDE-4519-A1F5-8495531C585D}.Release|Any CPU.ActiveCfg = Release|Any CPU
		{EA7150C2-FDDE-4519-A1F5-8495531C585D}.Release|Any CPU.Build.0 = Release|Any CPU
		{602FDEB0-C5FE-4FBD-9D3D-4A6531ABE47D}.Debug|Any CPU.ActiveCfg = Debug|Any CPU
		{602FDEB0-C5FE-4FBD-9D3D-4A6531ABE47D}.Debug|Any CPU.Build.0 = Debug|Any CPU
		{602FDEB0-C5FE-4FBD-9D3D-4A6531ABE47D}.Release|Any CPU.ActiveCfg = Release|Any CPU
		{602FDEB0-C5FE-4FBD-9D3D-4A6531ABE47D}.Release|Any CPU.Build.0 = Release|Any CPU
		{6390BC8D-6794-4F01-8A2C-BBE335C8AC63}.Debug|Any CPU.ActiveCfg = Debug|Any CPU
		{6390BC8D-6794-4F01-8A2C-BBE335C8AC63}.Debug|Any CPU.Build.0 = Debug|Any CPU
		{6390BC8D-6794-4F01-8A2C-BBE335C8AC63}.Release|Any CPU.ActiveCfg = Release|Any CPU
		{6390BC8D-6794-4F01-8A2C-BBE335C8AC63}.Release|Any CPU.Build.0 = Release|Any CPU
		{24B5C6BA-9B92-4355-89C9-BFA0A5BA9D11}.Debug|Any CPU.ActiveCfg = Debug|Any CPU
		{24B5C6BA-9B92-4355-89C9-BFA0A5BA9D11}.Debug|Any CPU.Build.0 = Debug|Any CPU
		{24B5C6BA-9B92-4355-89C9-BFA0A5BA9D11}.Release|Any CPU.ActiveCfg = Release|Any CPU
		{24B5C6BA-9B92-4355-89C9-BFA0A5BA9D11}.Release|Any CPU.Build.0 = Release|Any CPU
		{48F975E0-F65E-420C-99F8-D1F1DCF69B6B}.Debug|Any CPU.ActiveCfg = Debug|Any CPU
		{48F975E0-F65E-420C-99F8-D1F1DCF69B6B}.Debug|Any CPU.Build.0 = Debug|Any CPU
		{48F975E0-F65E-420C-99F8-D1F1DCF69B6B}.Release|Any CPU.ActiveCfg = Release|Any CPU
		{48F975E0-F65E-420C-99F8-D1F1DCF69B6B}.Release|Any CPU.Build.0 = Release|Any CPU
		{6D3984E2-9518-4489-BDC4-E8FD47A424B2}.Debug|Any CPU.ActiveCfg = Debug|Any CPU
		{6D3984E2-9518-4489-BDC4-E8FD47A424B2}.Debug|Any CPU.Build.0 = Debug|Any CPU
		{6D3984E2-9518-4489-BDC4-E8FD47A424B2}.Release|Any CPU.ActiveCfg = Release|Any CPU
		{6D3984E2-9518-4489-BDC4-E8FD47A424B2}.Release|Any CPU.Build.0 = Release|Any CPU
	EndGlobalSection
	GlobalSection(SolutionProperties) = preSolution
		HideSolutionNode = FALSE
	EndGlobalSection
EndGlobal
